
Microsoft Visual Studio Solution File, Format Version 12.00
# Visual Studio 2012
Project("{FAE04EC0-301F-11D3-BF4B-00C04F79EFBC}") = "ThreadSafetyAnnotations.Attributes", "ThreadSafetyAnnotations.Attributes\ThreadSafetyAnnotations.Attributes.csproj", "{57DD9D4F-9E42-4828-92AB-52ECD9D2EE74}"
EndProject
Project("{FAE04EC0-301F-11D3-BF4B-00C04F79EFBC}") = "ThreadSafetyAnnotations.Engine", "ThreadSafetyAnnotations.Engine\ThreadSafetyAnnotations.Engine.csproj", "{BA0F69C5-76CB-4A02-BB83-559EEA88D844}"
EndProject
Project("{FAE04EC0-301F-11D3-BF4B-00C04F79EFBC}") = "ThreadSafetyAnnotations.WorkspaceInspector", "ThreadSafetyAnnotations.WorkspaceInspector\ThreadSafetyAnnotations.WorkspaceInspector.csproj", "{0F244C48-9635-44CE-AB42-B090905EE403}"
EndProject
Project("{FAE04EC0-301F-11D3-BF4B-00C04F79EFBC}") = "ThreadSafetyAnnotations.Engine.Tests", "ThreadSafetyAnnotations.Engine.Tests\ThreadSafetyAnnotations.Engine.Tests.csproj", "{D590B067-C05E-4597-859D-F55D7598BB32}"
EndProject
Project("{FAE04EC0-301F-11D3-BF4B-00C04F79EFBC}") = "ThreadSafetyAnnotations.VisualStudioCodeIssue", "ThreadSafetyAnnotations.VisualStudioCodeIssue\ThreadSafetyAnnotations.VisualStudioCodeIssue.csproj", "{B8940705-7D50-4F48-81F7-AAD4F68261EF}"
EndProject
Project("{FAE04EC0-301F-11D3-BF4B-00C04F79EFBC}") = "ThreadSafetyAnnotations.Examples", "ThreadSafetyAnnotations.Examples\ThreadSafetyAnnotations.Examples.csproj", "{6771A967-C4F2-4472-8832-AED6EDF124CC}"
	ProjectSection(ProjectDependencies) = postProject
		{57DD9D4F-9E42-4828-92AB-52ECD9D2EE74} = {57DD9D4F-9E42-4828-92AB-52ECD9D2EE74}
	EndProjectSection
EndProject
Project("{FAE04EC0-301F-11D3-BF4B-00C04F79EFBC}") = "ThreadSafetyAnnotations.CompileConsole", "ThreadSafetyAnnotations.CompileConsole\ThreadSafetyAnnotations.CompileConsole.csproj", "{A0AE1ECA-7F24-499B-82CE-22D0DC6B9E5A}"
EndProject
Project("{2150E333-8FDC-42A3-9474-1A3956D46DE8}") = "Api", "Api", "{067D5691-FCB7-4468-86F0-1F42C4B20EAD}"
EndProject
Project("{2150E333-8FDC-42A3-9474-1A3956D46DE8}") = "Engine", "Engine", "{7A1FA387-B898-40A2-B102-C400CFF48BBF}"
EndProject
Project("{2150E333-8FDC-42A3-9474-1A3956D46DE8}") = "Runnable", "Runnable", "{2316B9D0-CF7D-4D11-ADF4-42187ED92C31}"
EndProject
Project("{2150E333-8FDC-42A3-9474-1A3956D46DE8}") = "ApiUsage", "ApiUsage", "{1618E4A9-45BB-4909-8FDB-4D6F2086F361}"
EndProject
Project("{FAE04EC0-301F-11D3-BF4B-00C04F79EFBC}") = "ThreadSafetyAnnotations.InspectionConsole", "ThreadSafetyAnnotations.InspectionConsole\ThreadSafetyAnnotations.InspectionConsole.csproj", "{D4642AC5-7C70-486E-BD38-9699F5908F74}"
EndProject
Global
	GlobalSection(SolutionConfigurationPlatforms) = preSolution
		Debug|Any CPU = Debug|Any CPU
		Debug|Mixed Platforms = Debug|Mixed Platforms
		Debug|x86 = Debug|x86
		Release|Any CPU = Release|Any CPU
		Release|Mixed Platforms = Release|Mixed Platforms
		Release|x86 = Release|x86
	EndGlobalSection
	GlobalSection(ProjectConfigurationPlatforms) = postSolution
		{57DD9D4F-9E42-4828-92AB-52ECD9D2EE74}.Debug|Any CPU.ActiveCfg = Debug|Any CPU
		{57DD9D4F-9E42-4828-92AB-52ECD9D2EE74}.Debug|Any CPU.Build.0 = Debug|Any CPU
		{57DD9D4F-9E42-4828-92AB-52ECD9D2EE74}.Debug|Mixed Platforms.ActiveCfg = Debug|Any CPU
		{57DD9D4F-9E42-4828-92AB-52ECD9D2EE74}.Debug|Mixed Platforms.Build.0 = Debug|Any CPU
		{57DD9D4F-9E42-4828-92AB-52ECD9D2EE74}.Debug|x86.ActiveCfg = Debug|Any CPU
		{57DD9D4F-9E42-4828-92AB-52ECD9D2EE74}.Release|Any CPU.ActiveCfg = Release|Any CPU
		{57DD9D4F-9E42-4828-92AB-52ECD9D2EE74}.Release|Any CPU.Build.0 = Release|Any CPU
		{57DD9D4F-9E42-4828-92AB-52ECD9D2EE74}.Release|Mixed Platforms.ActiveCfg = Release|Any CPU
		{57DD9D4F-9E42-4828-92AB-52ECD9D2EE74}.Release|Mixed Platforms.Build.0 = Release|Any CPU
		{57DD9D4F-9E42-4828-92AB-52ECD9D2EE74}.Release|x86.ActiveCfg = Release|Any CPU
		{BA0F69C5-76CB-4A02-BB83-559EEA88D844}.Debug|Any CPU.ActiveCfg = Debug|Any CPU
		{BA0F69C5-76CB-4A02-BB83-559EEA88D844}.Debug|Any CPU.Build.0 = Debug|Any CPU
		{BA0F69C5-76CB-4A02-BB83-559EEA88D844}.Debug|Mixed Platforms.ActiveCfg = Debug|Any CPU
		{BA0F69C5-76CB-4A02-BB83-559EEA88D844}.Debug|Mixed Platforms.Build.0 = Debug|Any CPU
		{BA0F69C5-76CB-4A02-BB83-559EEA88D844}.Debug|x86.ActiveCfg = Debug|Any CPU
		{BA0F69C5-76CB-4A02-BB83-559EEA88D844}.Release|Any CPU.ActiveCfg = Release|Any CPU
		{BA0F69C5-76CB-4A02-BB83-559EEA88D844}.Release|Any CPU.Build.0 = Release|Any CPU
		{BA0F69C5-76CB-4A02-BB83-559EEA88D844}.Release|Mixed Platforms.ActiveCfg = Release|Any CPU
		{BA0F69C5-76CB-4A02-BB83-559EEA88D844}.Release|Mixed Platforms.Build.0 = Release|Any CPU
		{BA0F69C5-76CB-4A02-BB83-559EEA88D844}.Release|x86.ActiveCfg = Release|Any CPU
		{0F244C48-9635-44CE-AB42-B090905EE403}.Debug|Any CPU.ActiveCfg = Debug|x86
		{0F244C48-9635-44CE-AB42-B090905EE403}.Debug|Mixed Platforms.ActiveCfg = Debug|x86
		{0F244C48-9635-44CE-AB42-B090905EE403}.Debug|Mixed Platforms.Build.0 = Debug|x86
		{0F244C48-9635-44CE-AB42-B090905EE403}.Debug|x86.ActiveCfg = Debug|x86
		{0F244C48-9635-44CE-AB42-B090905EE403}.Debug|x86.Build.0 = Debug|x86
		{0F244C48-9635-44CE-AB42-B090905EE403}.Release|Any CPU.ActiveCfg = Release|x86
		{0F244C48-9635-44CE-AB42-B090905EE403}.Release|Mixed Platforms.ActiveCfg = Release|x86
		{0F244C48-9635-44CE-AB42-B090905EE403}.Release|Mixed Platforms.Build.0 = Release|x86
		{0F244C48-9635-44CE-AB42-B090905EE403}.Release|x86.ActiveCfg = Release|x86
		{0F244C48-9635-44CE-AB42-B090905EE403}.Release|x86.Build.0 = Release|x86
		{D590B067-C05E-4597-859D-F55D7598BB32}.Debug|Any CPU.ActiveCfg = Debug|Any CPU
		{D590B067-C05E-4597-859D-F55D7598BB32}.Debug|Any CPU.Build.0 = Debug|Any CPU
		{D590B067-C05E-4597-859D-F55D7598BB32}.Debug|Mixed Platforms.ActiveCfg = Debug|Any CPU
		{D590B067-C05E-4597-859D-F55D7598BB32}.Debug|Mixed Platforms.Build.0 = Debug|Any CPU
		{D590B067-C05E-4597-859D-F55D7598BB32}.Debug|x86.ActiveCfg = Debug|Any CPU
		{D590B067-C05E-4597-859D-F55D7598BB32}.Release|Any CPU.ActiveCfg = Release|Any CPU
		{D590B067-C05E-4597-859D-F55D7598BB32}.Release|Any CPU.Build.0 = Release|Any CPU
		{D590B067-C05E-4597-859D-F55D7598BB32}.Release|Mixed Platforms.ActiveCfg = Release|Any CPU
		{D590B067-C05E-4597-859D-F55D7598BB32}.Release|Mixed Platforms.Build.0 = Release|Any CPU
		{D590B067-C05E-4597-859D-F55D7598BB32}.Release|x86.ActiveCfg = Release|Any CPU
		{B8940705-7D50-4F48-81F7-AAD4F68261EF}.Debug|Any CPU.ActiveCfg = Debug|Any CPU
		{B8940705-7D50-4F48-81F7-AAD4F68261EF}.Debug|Any CPU.Build.0 = Debug|Any CPU
		{B8940705-7D50-4F48-81F7-AAD4F68261EF}.Debug|Mixed Platforms.ActiveCfg = Debug|Any CPU
		{B8940705-7D50-4F48-81F7-AAD4F68261EF}.Debug|Mixed Platforms.Build.0 = Debug|Any CPU
		{B8940705-7D50-4F48-81F7-AAD4F68261EF}.Debug|x86.ActiveCfg = Debug|Any CPU
		{B8940705-7D50-4F48-81F7-AAD4F68261EF}.Release|Any CPU.ActiveCfg = Release|Any CPU
		{B8940705-7D50-4F48-81F7-AAD4F68261EF}.Release|Any CPU.Build.0 = Release|Any CPU
		{B8940705-7D50-4F48-81F7-AAD4F68261EF}.Release|Mixed Platforms.ActiveCfg = Release|Any CPU
		{B8940705-7D50-4F48-81F7-AAD4F68261EF}.Release|Mixed Platforms.Build.0 = Release|Any CPU
		{B8940705-7D50-4F48-81F7-AAD4F68261EF}.Release|x86.ActiveCfg = Release|Any CPU
		{6771A967-C4F2-4472-8832-AED6EDF124CC}.Debug|Any CPU.ActiveCfg = Debug|Any CPU
		{6771A967-C4F2-4472-8832-AED6EDF124CC}.Debug|Any CPU.Build.0 = Debug|Any CPU
		{6771A967-C4F2-4472-8832-AED6EDF124CC}.Debug|Mixed Platforms.ActiveCfg = Debug|Any CPU
		{6771A967-C4F2-4472-8832-AED6EDF124CC}.Debug|Mixed Platforms.Build.0 = Debug|Any CPU
		{6771A967-C4F2-4472-8832-AED6EDF124CC}.Debug|x86.ActiveCfg = Debug|Any CPU
		{6771A967-C4F2-4472-8832-AED6EDF124CC}.Release|Any CPU.ActiveCfg = Release|Any CPU
		{6771A967-C4F2-4472-8832-AED6EDF124CC}.Release|Any CPU.Build.0 = Release|Any CPU
		{6771A967-C4F2-4472-8832-AED6EDF124CC}.Release|Mixed Platforms.ActiveCfg = Release|Any CPU
		{6771A967-C4F2-4472-8832-AED6EDF124CC}.Release|Mixed Platforms.Build.0 = Release|Any CPU
		{6771A967-C4F2-4472-8832-AED6EDF124CC}.Release|x86.ActiveCfg = Release|Any CPU
		{A0AE1ECA-7F24-499B-82CE-22D0DC6B9E5A}.Debug|Any CPU.ActiveCfg = Debug|x86
		{A0AE1ECA-7F24-499B-82CE-22D0DC6B9E5A}.Debug|Mixed Platforms.ActiveCfg = Debug|x86
		{A0AE1ECA-7F24-499B-82CE-22D0DC6B9E5A}.Debug|Mixed Platforms.Build.0 = Debug|x86
		{A0AE1ECA-7F24-499B-82CE-22D0DC6B9E5A}.Debug|x86.ActiveCfg = Debug|x86
		{A0AE1ECA-7F24-499B-82CE-22D0DC6B9E5A}.Debug|x86.Build.0 = Debug|x86
		{A0AE1ECA-7F24-499B-82CE-22D0DC6B9E5A}.Release|Any CPU.ActiveCfg = Release|x86
		{A0AE1ECA-7F24-499B-82CE-22D0DC6B9E5A}.Release|Mixed Platforms.ActiveCfg = Release|x86
		{A0AE1ECA-7F24-499B-82CE-22D0DC6B9E5A}.Release|Mixed Platforms.Build.0 = Release|x86
		{A0AE1ECA-7F24-499B-82CE-22D0DC6B9E5A}.Release|x86.ActiveCfg = Release|x86
		{A0AE1ECA-7F24-499B-82CE-22D0DC6B9E5A}.Release|x86.Build.0 = Release|x86
		{D4642AC5-7C70-486E-BD38-9699F5908F74}.Debug|Any CPU.ActiveCfg = Debug|x86
		{D4642AC5-7C70-486E-BD38-9699F5908F74}.Debug|Mixed Platforms.ActiveCfg = Debug|x86
		{D4642AC5-7C70-486E-BD38-9699F5908F74}.Debug|Mixed Platforms.Build.0 = Debug|x86
		{D4642AC5-7C70-486E-BD38-9699F5908F74}.Debug|x86.ActiveCfg = Debug|x86
		{D4642AC5-7C70-486E-BD38-9699F5908F74}.Debug|x86.Build.0 = Debug|x86
		{D4642AC5-7C70-486E-BD38-9699F5908F74}.Release|Any CPU.ActiveCfg = Release|x86
		{D4642AC5-7C70-486E-BD38-9699F5908F74}.Release|Mixed Platforms.ActiveCfg = Release|x86
		{D4642AC5-7C70-486E-BD38-9699F5908F74}.Release|Mixed Platforms.Build.0 = Release|x86
		{D4642AC5-7C70-486E-BD38-9699F5908F74}.Release|x86.ActiveCfg = Release|x86
		{D4642AC5-7C70-486E-BD38-9699F5908F74}.Release|x86.Build.0 = Release|x86
	EndGlobalSection
	GlobalSection(SolutionProperties) = preSolution
		HideSolutionNode = FALSE
	EndGlobalSection
	GlobalSection(NestedProjects) = preSolution
		{57DD9D4F-9E42-4828-92AB-52ECD9D2EE74} = {067D5691-FCB7-4468-86F0-1F42C4B20EAD}
		{D590B067-C05E-4597-859D-F55D7598BB32} = {7A1FA387-B898-40A2-B102-C400CFF48BBF}
		{BA0F69C5-76CB-4A02-BB83-559EEA88D844} = {7A1FA387-B898-40A2-B102-C400CFF48BBF}
		{B8940705-7D50-4F48-81F7-AAD4F68261EF} = {2316B9D0-CF7D-4D11-ADF4-42187ED92C31}
		{A0AE1ECA-7F24-499B-82CE-22D0DC6B9E5A} = {2316B9D0-CF7D-4D11-ADF4-42187ED92C31}
		{0F244C48-9635-44CE-AB42-B090905EE403} = {2316B9D0-CF7D-4D11-ADF4-42187ED92C31}
		{D4642AC5-7C70-486E-BD38-9699F5908F74} = {2316B9D0-CF7D-4D11-ADF4-42187ED92C31}
		{6771A967-C4F2-4472-8832-AED6EDF124CC} = {1618E4A9-45BB-4909-8FDB-4D6F2086F361}
	EndGlobalSection
EndGlobal
